
Microsoft Visual Studio Solution File, Format Version 12.00
# Visual Studio Version 17
VisualStudioVersion = 17.7.34031.279
MinimumVisualStudioVersion = 10.0.40219.1
Project("{FAE04EC0-301F-11D3-BF4B-00C04F79EFBC}") = "Tema2-CaracteresLimitados", "Tema2-CaracteresLimitados.csproj", "{C3F77C4C-0B2E-443E-A582-2F40A1E8674E}"
EndProject
Global
	GlobalSection(SolutionConfigurationPlatforms) = preSolution
		Debug|Any CPU = Debug|Any CPU
		Release|Any CPU = Release|Any CPU
	EndGlobalSection
	GlobalSection(ProjectConfigurationPlatforms) = postSolution
		{C3F77C4C-0B2E-443E-A582-2F40A1E8674E}.Debug|Any CPU.ActiveCfg = Debug|Any CPU
		{C3F77C4C-0B2E-443E-A582-2F40A1E8674E}.Debug|Any CPU.Build.0 = Debug|Any CPU
		{C3F77C4C-0B2E-443E-A582-2F40A1E8674E}.Release|Any CPU.ActiveCfg = Release|Any CPU
		{C3F77C4C-0B2E-443E-A582-2F40A1E8674E}.Release|Any CPU.Build.0 = Release|Any CPU
	EndGlobalSection
	GlobalSection(SolutionProperties) = preSolution
		HideSolutionNode = FALSE
	EndGlobalSection
	GlobalSection(ExtensibilityGlobals) = postSolution
		SolutionGuid = {1404022F-B001-4B03-A935-5A070A6D6A1D}
	EndGlobalSection
EndGlobal
